
Microsoft Visual Studio Solution File, Format Version 12.00
# Visual Studio 15
VisualStudioVersion = 15.0.28307.779
MinimumVisualStudioVersion = 10.0.40219.1
Project("{FAE04EC0-301F-11D3-BF4B-00C04F79EFBC}") = "poloskiWF", "poloskiWF\poloskiWF.csproj", "{B3CBA8D9-6099-45B4-B71F-74234DCFD17A}"
EndProject
Global
	GlobalSection(SolutionConfigurationPlatforms) = preSolution
		Debug|Any CPU = Debug|Any CPU
		Release|Any CPU = Release|Any CPU
	EndGlobalSection
	GlobalSection(ProjectConfigurationPlatforms) = postSolution
		{B3CBA8D9-6099-45B4-B71F-74234DCFD17A}.Debug|Any CPU.ActiveCfg = Debug|Any CPU
		{B3CBA8D9-6099-45B4-B71F-74234DCFD17A}.Debug|Any CPU.Build.0 = Debug|Any CPU
		{B3CBA8D9-6099-45B4-B71F-74234DCFD17A}.Release|Any CPU.ActiveCfg = Release|Any CPU
		{B3CBA8D9-6099-45B4-B71F-74234DCFD17A}.Release|Any CPU.Build.0 = Release|Any CPU
	EndGlobalSection
	GlobalSection(SolutionProperties) = preSolution
		HideSolutionNode = FALSE
	EndGlobalSection
	GlobalSection(ExtensibilityGlobals) = postSolution
		SolutionGuid = {D1B12E41-FE58-4D65-A96E-68F9FA5B304C}
	EndGlobalSection
EndGlobal
